
Microsoft Visual Studio Solution File, Format Version 12.00
# Visual Studio 15
VisualStudioVersion = 15.0.28307.329
MinimumVisualStudioVersion = 10.0.40219.1
Project("{FAE04EC0-301F-11D3-BF4B-00C04F79EFBC}") = "Programacion3", "Programacion3\Programacion3.csproj", "{9623CFED-5A4B-451F-BE3E-A5DF33207A52}"
EndProject
Global
	GlobalSection(SolutionConfigurationPlatforms) = preSolution
		Debug|Any CPU = Debug|Any CPU
		Release|Any CPU = Release|Any CPU
	EndGlobalSection
	GlobalSection(ProjectConfigurationPlatforms) = postSolution
		{9623CFED-5A4B-451F-BE3E-A5DF33207A52}.Debug|Any CPU.ActiveCfg = Debug|Any CPU
		{9623CFED-5A4B-451F-BE3E-A5DF33207A52}.Debug|Any CPU.Build.0 = Debug|Any CPU
		{9623CFED-5A4B-451F-BE3E-A5DF33207A52}.Release|Any CPU.ActiveCfg = Release|Any CPU
		{9623CFED-5A4B-451F-BE3E-A5DF33207A52}.Release|Any CPU.Build.0 = Release|Any CPU
	EndGlobalSection
	GlobalSection(SolutionProperties) = preSolution
		HideSolutionNode = FALSE
	EndGlobalSection
	GlobalSection(ExtensibilityGlobals) = postSolution
		SolutionGuid = {02464C34-CBAD-495E-9BAA-4A0641181792}
	EndGlobalSection
EndGlobal
